
Microsoft Visual Studio Solution File, Format Version 12.00
# Visual Studio 15
VisualStudioVersion = 15.0.28307.852
MinimumVisualStudioVersion = 10.0.40219.1
Project("{9A19103F-16F7-4668-BE54-9A1E7A4F7556}") = "SobaScript.Z.Core", "SobaScript.Z.Core\SobaScript.Z.Core.csproj", "{D5C9A407-1173-43BF-A15A-5D8AB100AC4A}"
EndProject
Project("{9A19103F-16F7-4668-BE54-9A1E7A4F7556}") = "SobaScript.Z.CoreTest", "SobaScript.Z.CoreTest\SobaScript.Z.CoreTest.csproj", "{3614D53F-DDF3-4A47-A093-510858D2E041}"
EndProject
Project("{2150E333-8FDC-42A3-9474-1A3956D46DE8}") = "root", "root", "{71F13563-148F-4435-95CB-E88ABB43E610}"
EndProject
Global
	GlobalSection(SolutionConfigurationPlatforms) = preSolution
		DBG_SDK10|Any CPU = DBG_SDK10|Any CPU
		DBG_SDK15|Any CPU = DBG_SDK15|Any CPU
		DCI_SDK10|Any CPU = DCI_SDK10|Any CPU
		DCI_SDK15|Any CPU = DCI_SDK15|Any CPU
		RCI_SDK10|Any CPU = RCI_SDK10|Any CPU
		RCI_SDK15|Any CPU = RCI_SDK15|Any CPU
		REL_SDK10|Any CPU = REL_SDK10|Any CPU
		REL_SDK15|Any CPU = REL_SDK15|Any CPU
	EndGlobalSection
	GlobalSection(ProjectConfigurationPlatforms) = postSolution
		{D5C9A407-1173-43BF-A15A-5D8AB100AC4A}.DBG_SDK10|Any CPU.ActiveCfg = DBG_SDK10|Any CPU
		{D5C9A407-1173-43BF-A15A-5D8AB100AC4A}.DBG_SDK10|Any CPU.Build.0 = DBG_SDK10|Any CPU
		{D5C9A407-1173-43BF-A15A-5D8AB100AC4A}.DBG_SDK15|Any CPU.ActiveCfg = DBG_SDK15|Any CPU
		{D5C9A407-1173-43BF-A15A-5D8AB100AC4A}.DBG_SDK15|Any CPU.Build.0 = DBG_SDK15|Any CPU
		{D5C9A407-1173-43BF-A15A-5D8AB100AC4A}.DCI_SDK10|Any CPU.ActiveCfg = DCI_SDK10|Any CPU
		{D5C9A407-1173-43BF-A15A-5D8AB100AC4A}.DCI_SDK10|Any CPU.Build.0 = DCI_SDK10|Any CPU
		{D5C9A407-1173-43BF-A15A-5D8AB100AC4A}.DCI_SDK15|Any CPU.ActiveCfg = DCI_SDK15|Any CPU
		{D5C9A407-1173-43BF-A15A-5D8AB100AC4A}.DCI_SDK15|Any CPU.Build.0 = DCI_SDK15|Any CPU
		{D5C9A407-1173-43BF-A15A-5D8AB100AC4A}.RCI_SDK10|Any CPU.ActiveCfg = RCI_SDK10|Any CPU
		{D5C9A407-1173-43BF-A15A-5D8AB100AC4A}.RCI_SDK10|Any CPU.Build.0 = RCI_SDK10|Any CPU
		{D5C9A407-1173-43BF-A15A-5D8AB100AC4A}.RCI_SDK15|Any CPU.ActiveCfg = RCI_SDK15|Any CPU
		{D5C9A407-1173-43BF-A15A-5D8AB100AC4A}.RCI_SDK15|Any CPU.Build.0 = RCI_SDK15|Any CPU
		{D5C9A407-1173-43BF-A15A-5D8AB100AC4A}.REL_SDK10|Any CPU.ActiveCfg = REL_SDK10|Any CPU
		{D5C9A407-1173-43BF-A15A-5D8AB100AC4A}.REL_SDK10|Any CPU.Build.0 = REL_SDK10|Any CPU
		{D5C9A407-1173-43BF-A15A-5D8AB100AC4A}.REL_SDK15|Any CPU.ActiveCfg = REL_SDK15|Any CPU
		{D5C9A407-1173-43BF-A15A-5D8AB100AC4A}.REL_SDK15|Any CPU.Build.0 = REL_SDK15|Any CPU
		{3614D53F-DDF3-4A47-A093-510858D2E041}.DBG_SDK10|Any CPU.ActiveCfg = DBG_SDK10|Any CPU
		{3614D53F-DDF3-4A47-A093-510858D2E041}.DBG_SDK10|Any CPU.Build.0 = DBG_SDK10|Any CPU
		{3614D53F-DDF3-4A47-A093-510858D2E041}.DBG_SDK15|Any CPU.ActiveCfg = DBG_SDK15|Any CPU
		{3614D53F-DDF3-4A47-A093-510858D2E041}.DBG_SDK15|Any CPU.Build.0 = DBG_SDK15|Any CPU
		{3614D53F-DDF3-4A47-A093-510858D2E041}.DCI_SDK10|Any CPU.ActiveCfg = DCI_SDK10|Any CPU
		{3614D53F-DDF3-4A47-A093-510858D2E041}.DCI_SDK10|Any CPU.Build.0 = DCI_SDK10|Any CPU
		{3614D53F-DDF3-4A47-A093-510858D2E041}.DCI_SDK15|Any CPU.ActiveCfg = DCI_SDK15|Any CPU
		{3614D53F-DDF3-4A47-A093-510858D2E041}.DCI_SDK15|Any CPU.Build.0 = DCI_SDK15|Any CPU
		{3614D53F-DDF3-4A47-A093-510858D2E041}.RCI_SDK10|Any CPU.ActiveCfg = RCI_SDK10|Any CPU
		{3614D53F-DDF3-4A47-A093-510858D2E041}.RCI_SDK10|Any CPU.Build.0 = RCI_SDK10|Any CPU
		{3614D53F-DDF3-4A47-A093-510858D2E041}.RCI_SDK15|Any CPU.ActiveCfg = RCI_SDK15|Any CPU
		{3614D53F-DDF3-4A47-A093-510858D2E041}.RCI_SDK15|Any CPU.Build.0 = RCI_SDK15|Any CPU
		{3614D53F-DDF3-4A47-A093-510858D2E041}.REL_SDK10|Any CPU.ActiveCfg = REL_SDK10|Any CPU
		{3614D53F-DDF3-4A47-A093-510858D2E041}.REL_SDK10|Any CPU.Build.0 = REL_SDK10|Any CPU
		{3614D53F-DDF3-4A47-A093-510858D2E041}.REL_SDK15|Any CPU.ActiveCfg = REL_SDK15|Any CPU
		{3614D53F-DDF3-4A47-A093-510858D2E041}.REL_SDK15|Any CPU.Build.0 = REL_SDK15|Any CPU
	EndGlobalSection
	GlobalSection(SolutionProperties) = preSolution
		HideSolutionNode = FALSE
	EndGlobalSection
	GlobalSection(ExtensibilityGlobals) = postSolution
		SolutionGuid = {7561DB46-DEE0-4BA0-A090-2F2D9DE49260}
	EndGlobalSection
EndGlobal
